
Microsoft Visual Studio Solution File, Format Version 12.00
# Visual Studio Version 17
VisualStudioVersion = 17.5.33627.172
MinimumVisualStudioVersion = 10.0.40219.1
Project("{8BC9CEB8-8B4A-11D0-8D11-00A0C91BC942}") = "ConcurrenceMemoryPool", "ConcurrenceMemoryPool.vcxproj", "{D88B0C3D-33EF-4632-8A43-3CE6FD3E5BB6}"
EndProject
Global
	GlobalSection(SolutionConfigurationPlatforms) = preSolution
		Debug|Win32 = Debug|Win32
		Debug|x64 = Debug|x64
		Debug|x86 = Debug|x86
		Release|Win32 = Release|Win32
		Release|x64 = Release|x64
		Release|x86 = Release|x86
	EndGlobalSection
	GlobalSection(ProjectConfigurationPlatforms) = postSolution
		{D88B0C3D-33EF-4632-8A43-3CE6FD3E5BB6}.Debug|Win32.ActiveCfg = Debug|Win32
		{D88B0C3D-33EF-4632-8A43-3CE6FD3E5BB6}.Debug|Win32.Build.0 = Debug|Win32
		{D88B0C3D-33EF-4632-8A43-3CE6FD3E5BB6}.Debug|x64.ActiveCfg = Debug|x64
		{D88B0C3D-33EF-4632-8A43-3CE6FD3E5BB6}.Debug|x64.Build.0 = Debug|x64
		{D88B0C3D-33EF-4632-8A43-3CE6FD3E5BB6}.Debug|x86.ActiveCfg = Debug|Win32
		{D88B0C3D-33EF-4632-8A43-3CE6FD3E5BB6}.Debug|x86.Build.0 = Debug|Win32
		{D88B0C3D-33EF-4632-8A43-3CE6FD3E5BB6}.Release|Win32.ActiveCfg = Release|Win32
		{D88B0C3D-33EF-4632-8A43-3CE6FD3E5BB6}.Release|Win32.Build.0 = Release|Win32
		{D88B0C3D-33EF-4632-8A43-3CE6FD3E5BB6}.Release|x64.ActiveCfg = Release|x64
		{D88B0C3D-33EF-4632-8A43-3CE6FD3E5BB6}.Release|x64.Build.0 = Release|x64
		{D88B0C3D-33EF-4632-8A43-3CE6FD3E5BB6}.Release|x86.ActiveCfg = Release|Win32
		{D88B0C3D-33EF-4632-8A43-3CE6FD3E5BB6}.Release|x86.Build.0 = Release|Win32
	EndGlobalSection
	GlobalSection(SolutionProperties) = preSolution
		HideSolutionNode = FALSE
	EndGlobalSection
	GlobalSection(ExtensibilityGlobals) = postSolution
		SolutionGuid = {15F200BA-5DB1-4B75-A4B4-7F64BEEE697E}
	EndGlobalSection
EndGlobal
